
Microsoft Visual Studio Solution File, Format Version 12.00
# Visual Studio Version 16
VisualStudioVersion = 16.0.29102.190
MinimumVisualStudioVersion = 10.0.40219.1
Project("{FAE04EC0-301F-11D3-BF4B-00C04F79EFBC}") = "TRMdataManager", "TRMdataManager\TRMdataManager.csproj", "{E8CBE0A3-8801-4354-AE79-5858CAA8FEF4}"
EndProject
Project("{00D1A9C2-B5F0-4AF3-8072-F6C62B433612}") = "TRMData", "TRMData\TRMData.sqlproj", "{8516D8BA-D66E-48A0-81D1-7E80CB9DFE42}"
EndProject
Project("{FAE04EC0-301F-11D3-BF4B-00C04F79EFBC}") = "TRMDesktopUI", "TRMDesktopUI\TRMDesktopUI.csproj", "{B81681EB-3204-4B42-8BAA-36DCACAD6925}"
EndProject
Project("{9A19103F-16F7-4668-BE54-9A1E7A4F7556}") = "TRMDataManager.Library", "TRMDataManager.Library\TRMDataManager.Library.csproj", "{A8855F6E-6ED6-43C2-BB5C-DF52DAFF1519}"
EndProject
Global
	GlobalSection(SolutionConfigurationPlatforms) = preSolution
		Debug|Any CPU = Debug|Any CPU
		Release|Any CPU = Release|Any CPU
	EndGlobalSection
	GlobalSection(ProjectConfigurationPlatforms) = postSolution
		{E8CBE0A3-8801-4354-AE79-5858CAA8FEF4}.Debug|Any CPU.ActiveCfg = Debug|Any CPU
		{E8CBE0A3-8801-4354-AE79-5858CAA8FEF4}.Debug|Any CPU.Build.0 = Debug|Any CPU
		{E8CBE0A3-8801-4354-AE79-5858CAA8FEF4}.Release|Any CPU.ActiveCfg = Release|Any CPU
		{E8CBE0A3-8801-4354-AE79-5858CAA8FEF4}.Release|Any CPU.Build.0 = Release|Any CPU
		{8516D8BA-D66E-48A0-81D1-7E80CB9DFE42}.Debug|Any CPU.ActiveCfg = Debug|Any CPU
		{8516D8BA-D66E-48A0-81D1-7E80CB9DFE42}.Debug|Any CPU.Build.0 = Debug|Any CPU
		{8516D8BA-D66E-48A0-81D1-7E80CB9DFE42}.Debug|Any CPU.Deploy.0 = Debug|Any CPU
		{8516D8BA-D66E-48A0-81D1-7E80CB9DFE42}.Release|Any CPU.ActiveCfg = Release|Any CPU
		{8516D8BA-D66E-48A0-81D1-7E80CB9DFE42}.Release|Any CPU.Build.0 = Release|Any CPU
		{8516D8BA-D66E-48A0-81D1-7E80CB9DFE42}.Release|Any CPU.Deploy.0 = Release|Any CPU
		{B81681EB-3204-4B42-8BAA-36DCACAD6925}.Debug|Any CPU.ActiveCfg = Debug|Any CPU
		{B81681EB-3204-4B42-8BAA-36DCACAD6925}.Debug|Any CPU.Build.0 = Debug|Any CPU
		{B81681EB-3204-4B42-8BAA-36DCACAD6925}.Release|Any CPU.ActiveCfg = Release|Any CPU
		{B81681EB-3204-4B42-8BAA-36DCACAD6925}.Release|Any CPU.Build.0 = Release|Any CPU
		{A8855F6E-6ED6-43C2-BB5C-DF52DAFF1519}.Debug|Any CPU.ActiveCfg = Debug|Any CPU
		{A8855F6E-6ED6-43C2-BB5C-DF52DAFF1519}.Debug|Any CPU.Build.0 = Debug|Any CPU
		{A8855F6E-6ED6-43C2-BB5C-DF52DAFF1519}.Release|Any CPU.ActiveCfg = Release|Any CPU
		{A8855F6E-6ED6-43C2-BB5C-DF52DAFF1519}.Release|Any CPU.Build.0 = Release|Any CPU
	EndGlobalSection
	GlobalSection(SolutionProperties) = preSolution
		HideSolutionNode = FALSE
	EndGlobalSection
	GlobalSection(ExtensibilityGlobals) = postSolution
		SolutionGuid = {29A7BC9A-DF5F-4C34-BD8C-777A03F6D019}
	EndGlobalSection
EndGlobal
