
Microsoft Visual Studio Solution File, Format Version 12.00
# Visual Studio Version 16
VisualStudioVersion = 16.0.29102.190
MinimumVisualStudioVersion = 10.0.40219.1
Project("{FAE04EC0-301F-11D3-BF4B-00C04F79EFBC}") = "TRMdataManager", "TRMdataManager\TRMdataManager.csproj", "{E8CBE0A3-8801-4354-AE79-5858CAA8FEF4}"
EndProject
Global
	GlobalSection(SolutionConfigurationPlatforms) = preSolution
		Debug|Any CPU = Debug|Any CPU
		Release|Any CPU = Release|Any CPU
	EndGlobalSection
	GlobalSection(ProjectConfigurationPlatforms) = postSolution
		{E8CBE0A3-8801-4354-AE79-5858CAA8FEF4}.Debug|Any CPU.ActiveCfg = Debug|Any CPU
		{E8CBE0A3-8801-4354-AE79-5858CAA8FEF4}.Debug|Any CPU.Build.0 = Debug|Any CPU
		{E8CBE0A3-8801-4354-AE79-5858CAA8FEF4}.Release|Any CPU.ActiveCfg = Release|Any CPU
		{E8CBE0A3-8801-4354-AE79-5858CAA8FEF4}.Release|Any CPU.Build.0 = Release|Any CPU
	EndGlobalSection
	GlobalSection(SolutionProperties) = preSolution
		HideSolutionNode = FALSE
	EndGlobalSection
	GlobalSection(ExtensibilityGlobals) = postSolution
		SolutionGuid = {29A7BC9A-DF5F-4C34-BD8C-777A03F6D019}
	EndGlobalSection
EndGlobal
